
Microsoft Visual Studio Solution File, Format Version 12.00
# Visual Studio Version 17
VisualStudioVersion = 17.9.34728.123
MinimumVisualStudioVersion = 10.0.40219.1
Project("{9A19103F-16F7-4668-BE54-9A1E7A4F7556}") = "PetHealthcare.Server", "swp391.Server\PetHealthcare.Server.csproj", "{F2E8D0A6-7F7B-401B-BAFD-62FF1B643F24}"
EndProject
Project("{54A90642-561A-4BB1-A94E-469ADEE60C69}") = "pethealthcare.client", "swp391.client\pethealthcare.client.esproj", "{FA728906-1749-4C5C-B175-7756978E6B34}"
EndProject
Global
	GlobalSection(SolutionConfigurationPlatforms) = preSolution
		Debug|Any CPU = Debug|Any CPU
		Release|Any CPU = Release|Any CPU
	EndGlobalSection
	GlobalSection(ProjectConfigurationPlatforms) = postSolution
		{F2E8D0A6-7F7B-401B-BAFD-62FF1B643F24}.Debug|Any CPU.ActiveCfg = Debug|Any CPU
		{F2E8D0A6-7F7B-401B-BAFD-62FF1B643F24}.Debug|Any CPU.Build.0 = Debug|Any CPU
		{F2E8D0A6-7F7B-401B-BAFD-62FF1B643F24}.Release|Any CPU.ActiveCfg = Release|Any CPU
		{F2E8D0A6-7F7B-401B-BAFD-62FF1B643F24}.Release|Any CPU.Build.0 = Release|Any CPU
		{FA728906-1749-4C5C-B175-7756978E6B34}.Debug|Any CPU.ActiveCfg = Debug|Any CPU
		{FA728906-1749-4C5C-B175-7756978E6B34}.Debug|Any CPU.Build.0 = Debug|Any CPU
		{FA728906-1749-4C5C-B175-7756978E6B34}.Debug|Any CPU.Deploy.0 = Debug|Any CPU
		{FA728906-1749-4C5C-B175-7756978E6B34}.Release|Any CPU.ActiveCfg = Release|Any CPU
		{FA728906-1749-4C5C-B175-7756978E6B34}.Release|Any CPU.Build.0 = Release|Any CPU
		{FA728906-1749-4C5C-B175-7756978E6B34}.Release|Any CPU.Deploy.0 = Release|Any CPU
	EndGlobalSection
	GlobalSection(SolutionProperties) = preSolution
		HideSolutionNode = FALSE
	EndGlobalSection
	GlobalSection(ExtensibilityGlobals) = postSolution
		SolutionGuid = {0935FF32-5B2C-43A8-A707-9CC2B4FCB177}
	EndGlobalSection
EndGlobal
